// !$*UTF8*$!
{
	archiveVersion = 1;
	classes = {
	};
	objectVersion = 46;
	objects = {

/* Begin PBXBuildFile section */
		91D719341D58BC77001DB720 /* main.m in Sources */ = {isa = PBXBuildFile; fileRef = 91D719331D58BC77001DB720 /* main.m */; };
		91D719371D58BC77001DB720 /* AppDelegate.m in Sources */ = {isa = PBXBuildFile; fileRef = 91D719361D58BC77001DB720 /* AppDelegate.m */; };
		91D7193A1D58BC77001DB720 /* ViewController.m in Sources */ = {isa = PBXBuildFile; fileRef = 91D719391D58BC77001DB720 /* ViewController.m */; };
		91D7193D1D58BC77001DB720 /* Main.storyboard in Resources */ = {isa = PBXBuildFile; fileRef = 91D7193B1D58BC77001DB720 /* Main.storyboard */; };
		91D719401D58BC77001DB720 /* Pickers.xcdatamodeld in Sources */ = {isa = PBXBuildFile; fileRef = 91D7193E1D58BC77001DB720 /* Pickers.xcdatamodeld */; };
		91D719421D58BC77001DB720 /* Assets.xcassets in Resources */ = {isa = PBXBuildFile; fileRef = 91D719411D58BC77001DB720 /* Assets.xcassets */; };
		91D719451D58BC77001DB720 /* LaunchScreen.storyboard in Resources */ = {isa = PBXBuildFile; fileRef = 91D719431D58BC77001DB720 /* LaunchScreen.storyboard */; };
		91D7194E1D58BEC8001DB720 /* CustomPickerViewController.m in Sources */ = {isa = PBXBuildFile; fileRef = 91D7194D1D58BEC8001DB720 /* CustomPickerViewController.m */; };
		91D719511D58BEE9001DB720 /* DatePickerViewController.m in Sources */ = {isa = PBXBuildFile; fileRef = 91D719501D58BEE9001DB720 /* DatePickerViewController.m */; };
		91D719541D58BF1A001DB720 /* DependentComponentPickerViewController.m in Sources */ = {isa = PBXBuildFile; fileRef = 91D719531D58BF1A001DB720 /* DependentComponentPickerViewController.m */; };
		91D719571D58BF46001DB720 /* DoubleComponentPickerViewController.m in Sources */ = {isa = PBXBuildFile; fileRef = 91D719561D58BF46001DB720 /* DoubleComponentPickerViewController.m */; };
		91D7195A1D58BF60001DB720 /* SingleComponentPickerViewController.m in Sources */ = {isa = PBXBuildFile; fileRef = 91D719591D58BF60001DB720 /* SingleComponentPickerViewController.m */; };
/* End PBXBuildFile section */

/* Begin PBXFileReference section */
		91D7192F1D58BC77001DB720 /* Pickers.app */ = {isa = PBXFileReference; explicitFileType = wrapper.application; includeInIndex = 0; path = Pickers.app; sourceTree = BUILT_PRODUCTS_DIR; };
		91D719331D58BC77001DB720 /* main.m */ = {isa = PBXFileReference; lastKnownFileType = sourcecode.c.objc; path = main.m; sourceTree = "<group>"; };
		91D719351D58BC77001DB720 /* AppDelegate.h */ = {isa = PBXFileReference; lastKnownFileType = sourcecode.c.h; path = AppDelegate.h; sourceTree = "<group>"; };
		91D719361D58BC77001DB720 /* AppDelegate.m */ = {isa = PBXFileReference; lastKnownFileType = sourcecode.c.objc; path = AppDelegate.m; sourceTree = "<group>"; };
		91D719381D58BC77001DB720 /* ViewController.h */ = {isa = PBXFileReference; lastKnownFileType = sourcecode.c.h; path = ViewController.h; sourceTree = "<group>"; };
		91D719391D58BC77001DB720 /* ViewController.m */ = {isa = PBXFileReference; lastKnownFileType = sourcecode.c.objc; path = ViewController.m; sourceTree = "<group>"; };
		91D7193C1D58BC77001DB720 /* Base */ = {isa = PBXFileReference; lastKnownFileType = file.storyboard; name = Base; path = Base.lproj/Main.storyboard; sourceTree = "<group>"; };
		91D7193F1D58BC77001DB720 /* Pickers.xcdatamodel */ = {isa = PBXFileReference; lastKnownFileType = wrapper.xcdatamodel; path = Pickers.xcdatamodel; sourceTree = "<group>"; };
		91D719411D58BC77001DB720 /* Assets.xcassets */ = {isa = PBXFileReference; lastKnownFileType = folder.assetcatalog; path = Assets.xcassets; sourceTree = "<group>"; };
		91D719441D58BC77001DB720 /* Base */ = {isa = PBXFileReference; lastKnownFileType = file.storyboard; name = Base; path = Base.lproj/LaunchScreen.storyboard; sourceTree = "<group>"; };
		91D719461D58BC77001DB720 /* Info.plist */ = {isa = PBXFileReference; lastKnownFileType = text.plist.xml; path = Info.plist; sourceTree = "<group>"; };
		91D7194C1D58BEC8001DB720 /* CustomPickerViewController.h */ = {isa = PBXFileReference; fileEncoding = 4; lastKnownFileType = sourcecode.c.h; path = CustomPickerViewController.h; sourceTree = "<group>"; };
		91D7194D1D58BEC8001DB720 /* CustomPickerViewController.m */ = {isa = PBXFileReference; fileEncoding = 4; lastKnownFileType = sourcecode.c.objc; path = CustomPickerViewController.m; sourceTree = "<group>"; };
		91D7194F1D58BEE9001DB720 /* DatePickerViewController.h */ = {isa = PBXFileReference; fileEncoding = 4; lastKnownFileType = sourcecode.c.h; path = DatePickerViewController.h; sourceTree = "<group>"; };
		91D719501D58BEE9001DB720 /* DatePickerViewController.m */ = {isa = PBXFileReference; fileEncoding = 4; lastKnownFileType = sourcecode.c.objc; path = DatePickerViewController.m; sourceTree = "<group>"; };
		91D719521D58BF1A001DB720 /* DependentComponentPickerViewController.h */ = {isa = PBXFileReference; fileEncoding = 4; lastKnownFileType = sourcecode.c.h; path = DependentComponentPickerViewController.h; sourceTree = "<group>"; };
		91D719531D58BF1A001DB720 /* DependentComponentPickerViewController.m */ = {isa = PBXFileReference; fileEncoding = 4; lastKnownFileType = sourcecode.c.objc; path = DependentComponentPickerViewController.m; sourceTree = "<group>"; };
		91D719551D58BF46001DB720 /* DoubleComponentPickerViewController.h */ = {isa = PBXFileReference; fileEncoding = 4; lastKnownFileType = sourcecode.c.h; path = DoubleComponentPickerViewController.h; sourceTree = "<group>"; };
		91D719561D58BF46001DB720 /* DoubleComponentPickerViewController.m */ = {isa = PBXFileReference; fileEncoding = 4; lastKnownFileType = sourcecode.c.objc; path = DoubleComponentPickerViewController.m; sourceTree = "<group>"; };
		91D719581D58BF60001DB720 /* SingleComponentPickerViewController.h */ = {isa = PBXFileReference; fileEncoding = 4; lastKnownFileType = sourcecode.c.h; path = SingleComponentPickerViewController.h; sourceTree = "<group>"; };
		91D719591D58BF60001DB720 /* SingleComponentPickerViewController.m */ = {isa = PBXFileReference; fileEncoding = 4; lastKnownFileType = sourcecode.c.objc; path = SingleComponentPickerViewController.m; sourceTree = "<group>"; };
/* End PBXFileReference section */

/* Begin PBXFrameworksBuildPhase section */
		91D7192C1D58BC77001DB720 /* Frameworks */ = {
			isa = PBXFrameworksBuildPhase;
			buildActionMask = 2147483647;
			files = (
			);
			runOnlyForDeploymentPostprocessing = 0;
		};
/* End PBXFrameworksBuildPhase section */

/* Begin PBXGroup section */
		91D719261D58BC77001DB720 = {
			isa = PBXGroup;
			children = (
				91D719311D58BC77001DB720 /* Pickers */,
				91D719301D58BC77001DB720 /* Products */,
			);
			sourceTree = "<group>";
		};
		91D719301D58BC77001DB720 /* Products */ = {
			isa = PBXGroup;
			children = (
				91D7192F1D58BC77001DB720 /* Pickers.app */,
			);
			name = Products;
			sourceTree = "<group>";
		};
		91D719311D58BC77001DB720 /* Pickers */ = {
			isa = PBXGroup;
			children = (
				91D719351D58BC77001DB720 /* AppDelegate.h */,
				91D719361D58BC77001DB720 /* AppDelegate.m */,
				91D719381D58BC77001DB720 /* ViewController.h */,
				91D719391D58BC77001DB720 /* ViewController.m */,
				91D7193B1D58BC77001DB720 /* Main.storyboard */,
				91D719411D58BC77001DB720 /* Assets.xcassets */,
				91D719431D58BC77001DB720 /* LaunchScreen.storyboard */,
				91D719461D58BC77001DB720 /* Info.plist */,
				91D7193E1D58BC77001DB720 /* Pickers.xcdatamodeld */,
				91D719321D58BC77001DB720 /* Supporting Files */,
				91D7194C1D58BEC8001DB720 /* CustomPickerViewController.h */,
				91D719551D58BF46001DB720 /* DoubleComponentPickerViewController.h */,
				91D719561D58BF46001DB720 /* DoubleComponentPickerViewController.m */,
				91D719591D58BF60001DB720 /* SingleComponentPickerViewController.m */,
				91D719581D58BF60001DB720 /* SingleComponentPickerViewController.h */,
				91D7194D1D58BEC8001DB720 /* CustomPickerViewController.m */,
				91D7194F1D58BEE9001DB720 /* DatePickerViewController.h */,
				91D719501D58BEE9001DB720 /* DatePickerViewController.m */,
				91D719521D58BF1A001DB720 /* DependentComponentPickerViewController.h */,
				91D719531D58BF1A001DB720 /* DependentComponentPickerViewController.m */,
			);
			path = Pickers;
			sourceTree = "<group>";
		};
		91D719321D58BC77001DB720 /* Supporting Files */ = {
			isa = PBXGroup;
			children = (
				91D719331D58BC77001DB720 /* main.m */,
			);
			name = "Supporting Files";
			sourceTree = "<group>";
		};
/* End PBXGroup section */

/* Begin PBXNativeTarget section */
		91D7192E1D58BC77001DB720 /* Pickers */ = {
			isa = PBXNativeTarget;
			buildConfigurationList = 91D719491D58BC77001DB720 /* Build configuration list for PBXNativeTarget "Pickers" */;
			buildPhases = (
				91D7192B1D58BC77001DB720 /* Sources */,
				91D7192C1D58BC77001DB720 /* Frameworks */,
				91D7192D1D58BC77001DB720 /* Resources */,
			);
			buildRules = (
			);
			dependencies = (
			);
			name = Pickers;
			productName = Pickers;
			productReference = 91D7192F1D58BC77001DB720 /* Pickers.app */;
			productType = "com.apple.product-type.application";
		};
/* End PBXNativeTarget section */

/* Begin PBXProject section */
		91D719271D58BC77001DB720 /* Project object */ = {
			isa = PBXProject;
			attributes = {
				LastUpgradeCheck = 0730;
				ORGANIZATIONNAME = Apress;
				TargetAttributes = {
					91D7192E1D58BC77001DB720 = {
						CreatedOnToolsVersion = 7.3.1;
					};
				};
			};
			buildConfigurationList = 91D7192A1D58BC77001DB720 /* Build configuration list for PBXProject "Pickers" */;
			compatibilityVersion = "Xcode 3.2";
			developmentRegion = English;
			hasScannedForEncodings = 0;
			knownRegions = (
				en,
				Base,
			);
			mainGroup = 91D719261D58BC77001DB720;
			productRefGroup = 91D719301D58BC77001DB720 /* Products */;
			projectDirPath = "";
			projectRoot = "";
			targets = (
				91D7192E1D58BC77001DB720 /* Pickers */,
			);
		};
/* End PBXProject section */

/* Begin PBXResourcesBuildPhase section */
		91D7192D1D58BC77001DB720 /* Resources */ = {
			isa = PBXResourcesBuildPhase;
			buildActionMask = 2147483647;
			files = (
				91D719451D58BC77001DB720 /* LaunchScreen.storyboard in Resources */,
				91D719421D58BC77001DB720 /* Assets.xcassets in Resources */,
				91D7193D1D58BC77001DB720 /* Main.storyboard in Resources */,
			);
			runOnlyForDeploymentPostprocessing = 0;
		};
/* End PBXResourcesBuildPhase section */

/* Begin PBXSourcesBuildPhase section */
		91D7192B1D58BC77001DB720 /* Sources */ = {
			isa = PBXSourcesBuildPhase;
			buildActionMask = 2147483647;
			files = (
				91D7194E1D58BEC8001DB720 /* CustomPickerViewController.m in Sources */,
				91D7195A1D58BF60001DB720 /* SingleComponentPickerViewController.m in Sources */,
				91D7193A1D58BC77001DB720 /* ViewController.m in Sources */,
				91D719401D58BC77001DB720 /* Pickers.xcdatamodeld in Sources */,
				91D719571D58BF46001DB720 /* DoubleComponentPickerViewController.m in Sources */,
				91D719371D58BC77001DB720 /* AppDelegate.m in Sources */,
				91D719511D58BEE9001DB720 /* DatePickerViewController.m in Sources */,
				91D719341D58BC77001DB720 /* main.m in Sources */,
				91D719541D58BF1A001DB720 /* DependentComponentPickerViewController.m in Sources */,
			);
			runOnlyForDeploymentPostprocessing = 0;
		};
/* End PBXSourcesBuildPhase section */

/* Begin PBXVariantGroup section */
		91D7193B1D58BC77001DB720 /* Main.storyboard */ = {
			isa = PBXVariantGroup;
			children = (
				91D7193C1D58BC77001DB720 /* Base */,
			);
			name = Main.storyboard;
			sourceTree = "<group>";
		};
		91D719431D58BC77001DB720 /* LaunchScreen.storyboard */ = {
			isa = PBXVariantGroup;
			children = (
				91D719441D58BC77001DB720 /* Base */,
			);
			name = LaunchScreen.storyboard;
			sourceTree = "<group>";
		};
/* End PBXVariantGroup section */

/* Begin XCBuildConfiguration section */
		91D719471D58BC77001DB720 /* Debug */ = {
			isa = XCBuildConfiguration;
			buildSettings = {
				ALWAYS_SEARCH_USER_PATHS = NO;
				CLANG_ANALYZER_NONNULL = YES;
				CLANG_CXX_LANGUAGE_STANDARD = "gnu++0x";
				CLANG_CXX_LIBRARY = "libc++";
				CLANG_ENABLE_MODULES = YES;
				CLANG_ENABLE_OBJC_ARC = YES;
				CLANG_WARN_BOOL_CONVERSION = YES;
				CLANG_WARN_CONSTANT_CONVERSION = YES;
				CLANG_WARN_DIRECT_OBJC_ISA_USAGE = YES_ERROR;
				CLANG_WARN_EMPTY_BODY = YES;
				CLANG_WARN_ENUM_CONVERSION = YES;
				CLANG_WARN_INT_CONVERSION = YES;
				CLANG_WARN_OBJC_ROOT_CLASS = YES_ERROR;
				CLANG_WARN_UNREACHABLE_CODE = YES;
				CLANG_WARN__DUPLICATE_METHOD_MATCH = YES;
				"CODE_SIGN_IDENTITY[sdk=iphoneos*]" = "iPhone Developer";
				COPY_PHASE_STRIP = NO;
				DEBUG_INFORMATION_FORMAT = dwarf;
				ENABLE_STRICT_OBJC_MSGSEND = YES;
				ENABLE_TESTABILITY = YES;
				GCC_C_LANGUAGE_STANDARD = gnu99;
				GCC_DYNAMIC_NO_PIC = NO;
				GCC_NO_COMMON_BLOCKS = YES;
				GCC_OPTIMIZATION_LEVEL = 0;
				GCC_PREPROCESSOR_DEFINITIONS = (
					"DEBUG=1",
					"$(inherited)",
				);
				GCC_WARN_64_TO_32_BIT_CONVERSION = YES;
				GCC_WARN_ABOUT_RETURN_TYPE = YES_ERROR;
				GCC_WARN_UNDECLARED_SELECTOR = YES;
				GCC_WARN_UNINITIALIZED_AUTOS = YES_AGGRESSIVE;
				GCC_WARN_UNUSED_FUNCTION = YES;
				GCC_WARN_UNUSED_VARIABLE = YES;
				IPHONEOS_DEPLOYMENT_TARGET = 9.3;
				MTL_ENABLE_DEBUG_INFO = YES;
				ONLY_ACTIVE_ARCH = YES;
				SDKROOT = iphoneos;
				TARGETED_DEVICE_FAMILY = "1,2";
			};
			name = Debug;
		};
		91D719481D58BC77001DB720 /* Release */ = {
			isa = XCBuildConfiguration;
			buildSettings = {
				ALWAYS_SEARCH_USER_PATHS = NO;
				CLANG_ANALYZER_NONNULL = YES;
				CLANG_CXX_LANGUAGE_STANDARD = "gnu++0x";
				CLANG_CXX_LIBRARY = "libc++";
				CLANG_ENABLE_MODULES = YES;
				CLANG_ENABLE_OBJC_ARC = YES;
				CLANG_WARN_BOOL_CONVERSION = YES;
				CLANG_WARN_CONSTANT_CONVERSION = YES;
				CLANG_WARN_DIRECT_OBJC_ISA_USAGE = YES_ERROR;
				CLANG_WARN_EMPTY_BODY = YES;
				CLANG_WARN_ENUM_CONVERSION = YES;
				CLANG_WARN_INT_CONVERSION = YES;
				CLANG_WARN_OBJC_ROOT_CLASS = YES_ERROR;
				CLANG_WARN_UNREACHABLE_CODE = YES;
				CLANG_WARN__DUPLICATE_METHOD_MATCH = YES;
				"CODE_SIGN_IDENTITY[sdk=iphoneos*]" = "iPhone Developer";
				COPY_PHASE_STRIP = NO;
				DEBUG_INFORMATION_FORMAT = "dwarf-with-dsym";
				ENABLE_NS_ASSERTIONS = NO;
				ENABLE_STRICT_OBJC_MSGSEND = YES;
				GCC_C_LANGUAGE_STANDARD = gnu99;
				GCC_NO_COMMON_BLOCKS = YES;
				GCC_WARN_64_TO_32_BIT_CONVERSION = YES;
				GCC_WARN_ABOUT_RETURN_TYPE = YES_ERROR;
				GCC_WARN_UNDECLARED_SELECTOR = YES;
				GCC_WARN_UNINITIALIZED_AUTOS = YES_AGGRESSIVE;
				GCC_WARN_UNUSED_FUNCTION = YES;
				GCC_WARN_UNUSED_VARIABLE = YES;
				IPHONEOS_DEPLOYMENT_TARGET = 9.3;
				MTL_ENABLE_DEBUG_INFO = NO;
				SDKROOT = iphoneos;
				TARGETED_DEVICE_FAMILY = "1,2";
				VALIDATE_PRODUCT = YES;
			};
			name = Release;
		};
		91D7194A1D58BC77001DB720 /* Debug */ = {
			isa = XCBuildConfiguration;
			buildSettings = {
				ASSETCATALOG_COMPILER_APPICON_NAME = AppIcon;
				INFOPLIST_FILE = Pickers/Info.plist;
				LD_RUNPATH_SEARCH_PATHS = "$(inherited) @executable_path/Frameworks";
				PRODUCT_BUNDLE_IDENTIFIER = com.apress.Pickers;
				PRODUCT_NAME = "$(TARGET_NAME)";
			};
			name = Debug;
		};
		91D7194B1D58BC77001DB720 /* Release */ = {
			isa = XCBuildConfiguration;
			buildSettings = {
				ASSETCATALOG_COMPILER_APPICON_NAME = AppIcon;
				INFOPLIST_FILE = Pickers/Info.plist;
				LD_RUNPATH_SEARCH_PATHS = "$(inherited) @executable_path/Frameworks";
				PRODUCT_BUNDLE_IDENTIFIER = com.apress.Pickers;
				PRODUCT_NAME = "$(TARGET_NAME)";
			};
			name = Release;
		};
/* End XCBuildConfiguration section */

/* Begin XCConfigurationList section */
		91D7192A1D58BC77001DB720 /* Build configuration list for PBXProject "Pickers" */ = {
			isa = XCConfigurationList;
			buildConfigurations = (
				91D719471D58BC77001DB720 /* Debug */,
				91D719481D58BC77001DB720 /* Release */,
			);
			defaultConfigurationIsVisible = 0;
			defaultConfigurationName = Release;
		};
		91D719491D58BC77001DB720 /* Build configuration list for PBXNativeTarget "Pickers" */ = {
			isa = XCConfigurationList;
			buildConfigurations = (
				91D7194A1D58BC77001DB720 /* Debug */,
				91D7194B1D58BC77001DB720 /* Release */,
			);
			defaultConfigurationIsVisible = 0;
		};
/* End XCConfigurationList section */

/* Begin XCVersionGroup section */
		91D7193E1D58BC77001DB720 /* Pickers.xcdatamodeld */ = {
			isa = XCVersionGroup;
			children = (
				91D7193F1D58BC77001DB720 /* Pickers.xcdatamodel */,
			);
			currentVersion = 91D7193F1D58BC77001DB720 /* Pickers.xcdatamodel */;
			path = Pickers.xcdatamodeld;
			sourceTree = "<group>";
			versionGroupType = wrapper.xcdatamodel;
		};
/* End XCVersionGroup section */
	};
	rootObject = 91D719271D58BC77001DB720 /* Project object */;
}
